// !$*UTF8*$!
{
	archiveVersion = 1;
	classes = {
	};
	objectVersion = 77;
	objects = {

/* Begin PBXContainerItemProxy section */
		47488C542D0801CA003CDB63 /* PBXContainerItemProxy */ = {
			isa = PBXContainerItemProxy;
			containerPortal = 47488C352D0801C8003CDB63 /* Project object */;
			proxyType = 1;
			remoteGlobalIDString = 47488C3C2D0801C8003CDB63;
			remoteInfo = ConsumePod;
		};
		47488C5E2D0801CA003CDB63 /* PBXContainerItemProxy */ = {
			isa = PBXContainerItemProxy;
			containerPortal = 47488C352D0801C8003CDB63 /* Project object */;
			proxyType = 1;
			remoteGlobalIDString = 47488C3C2D0801C8003CDB63;
			remoteInfo = ConsumePod;
		};
/* End PBXContainerItemProxy section */

/* Begin PBXFileReference section */
		47488C3D2D0801C8003CDB63 /* ConsumePod.app */ = {isa = PBXFileReference; explicitFileType = wrapper.application; includeInIndex = 0; path = ConsumePod.app; sourceTree = BUILT_PRODUCTS_DIR; };
		47488C532D0801CA003CDB63 /* ConsumePodTests.xctest */ = {isa = PBXFileReference; explicitFileType = wrapper.cfbundle; includeInIndex = 0; path = ConsumePodTests.xctest; sourceTree = BUILT_PRODUCTS_DIR; };
		47488C5D2D0801CA003CDB63 /* ConsumePodUITests.xctest */ = {isa = PBXFileReference; explicitFileType = wrapper.cfbundle; includeInIndex = 0; path = ConsumePodUITests.xctest; sourceTree = BUILT_PRODUCTS_DIR; };
/* End PBXFileReference section */

/* Begin PBXFileSystemSynchronizedBuildFileExceptionSet section */
		47488C652D0801CA003CDB63 /* Exceptions for "ConsumePod" folder in "ConsumePod" target */ = {
			isa = PBXFileSystemSynchronizedBuildFileExceptionSet;
			membershipExceptions = (
				Info.plist,
			);
			target = 47488C3C2D0801C8003CDB63 /* ConsumePod */;
		};
/* End PBXFileSystemSynchronizedBuildFileExceptionSet section */

/* Begin PBXFileSystemSynchronizedRootGroup section */
		47488C3F2D0801C8003CDB63 /* ConsumePod */ = {
			isa = PBXFileSystemSynchronizedRootGroup;
			exceptions = (
				47488C652D0801CA003CDB63 /* Exceptions for "ConsumePod" folder in "ConsumePod" target */,
			);
			path = ConsumePod;
			sourceTree = "<group>";
		};
		47488C562D0801CA003CDB63 /* ConsumePodTests */ = {
			isa = PBXFileSystemSynchronizedRootGroup;
			path = ConsumePodTests;
			sourceTree = "<group>";
		};
		47488C602D0801CA003CDB63 /* ConsumePodUITests */ = {
			isa = PBXFileSystemSynchronizedRootGroup;
			path = ConsumePodUITests;
			sourceTree = "<group>";
		};
/* End PBXFileSystemSynchronizedRootGroup section */

/* Begin PBXFrameworksBuildPhase section */
		47488C3A2D0801C8003CDB63 /* Frameworks */ = {
			isa = PBXFrameworksBuildPhase;
			buildActionMask = 2147483647;
			files = (
			);
			runOnlyForDeploymentPostprocessing = 0;
		};
		47488C502D0801CA003CDB63 /* Frameworks */ = {
			isa = PBXFrameworksBuildPhase;
			buildActionMask = 2147483647;
			files = (
			);
			runOnlyForDeploymentPostprocessing = 0;
		};
		47488C5A2D0801CA003CDB63 /* Frameworks */ = {
			isa = PBXFrameworksBuildPhase;
			buildActionMask = 2147483647;
			files = (
			);
			runOnlyForDeploymentPostprocessing = 0;
		};
/* End PBXFrameworksBuildPhase section */

/* Begin PBXGroup section */
		47488C342D0801C8003CDB63 = {
			isa = PBXGroup;
			children = (
				47488C3F2D0801C8003CDB63 /* ConsumePod */,
				47488C562D0801CA003CDB63 /* ConsumePodTests */,
				47488C602D0801CA003CDB63 /* ConsumePodUITests */,
				47488C3E2D0801C8003CDB63 /* Products */,
			);
			sourceTree = "<group>";
		};
		47488C3E2D0801C8003CDB63 /* Products */ = {
			isa = PBXGroup;
			children = (
				47488C3D2D0801C8003CDB63 /* ConsumePod.app */,
				47488C532D0801CA003CDB63 /* ConsumePodTests.xctest */,
				47488C5D2D0801CA003CDB63 /* ConsumePodUITests.xctest */,
			);
			name = Products;
			sourceTree = "<group>";
		};
/* End PBXGroup section */

/* Begin PBXNativeTarget section */
		47488C3C2D0801C8003CDB63 /* ConsumePod */ = {
			isa = PBXNativeTarget;
			buildConfigurationList = 47488C662D0801CA003CDB63 /* Build configuration list for PBXNativeTarget "ConsumePod" */;
			buildPhases = (
				47488C392D0801C8003CDB63 /* Sources */,
				47488C3A2D0801C8003CDB63 /* Frameworks */,
				47488C3B2D0801C8003CDB63 /* Resources */,
			);
			buildRules = (
			);
			dependencies = (
			);
			fileSystemSynchronizedGroups = (
				47488C3F2D0801C8003CDB63 /* ConsumePod */,
			);
			name = ConsumePod;
			packageProductDependencies = (
			);
			productName = ConsumePod;
			productReference = 47488C3D2D0801C8003CDB63 /* ConsumePod.app */;
			productType = "com.apple.product-type.application";
		};
		47488C522D0801CA003CDB63 /* ConsumePodTests */ = {
			isa = PBXNativeTarget;
			buildConfigurationList = 47488C6B2D0801CA003CDB63 /* Build configuration list for PBXNativeTarget "ConsumePodTests" */;
			buildPhases = (
				47488C4F2D0801CA003CDB63 /* Sources */,
				47488C502D0801CA003CDB63 /* Frameworks */,
				47488C512D0801CA003CDB63 /* Resources */,
			);
			buildRules = (
			);
			dependencies = (
				47488C552D0801CA003CDB63 /* PBXTargetDependency */,
			);
			fileSystemSynchronizedGroups = (
				47488C562D0801CA003CDB63 /* ConsumePodTests */,
			);
			name = ConsumePodTests;
			packageProductDependencies = (
			);
			productName = ConsumePodTests;
			productReference = 47488C532D0801CA003CDB63 /* ConsumePodTests.xctest */;
			productType = "com.apple.product-type.bundle.unit-test";
		};
		47488C5C2D0801CA003CDB63 /* ConsumePodUITests */ = {
			isa = PBXNativeTarget;
			buildConfigurationList = 47488C6E2D0801CA003CDB63 /* Build configuration list for PBXNativeTarget "ConsumePodUITests" */;
			buildPhases = (
				47488C592D0801CA003CDB63 /* Sources */,
				47488C5A2D0801CA003CDB63 /* Frameworks */,
				47488C5B2D0801CA003CDB63 /* Resources */,
			);
			buildRules = (
			);
			dependencies = (
				47488C5F2D0801CA003CDB63 /* PBXTargetDependency */,
			);
			fileSystemSynchronizedGroups = (
				47488C602D0801CA003CDB63 /* ConsumePodUITests */,
			);
			name = ConsumePodUITests;
			packageProductDependencies = (
			);
			productName = ConsumePodUITests;
			productReference = 47488C5D2D0801CA003CDB63 /* ConsumePodUITests.xctest */;
			productType = "com.apple.product-type.bundle.ui-testing";
		};
/* End PBXNativeTarget section */

/* Begin PBXProject section */
		47488C352D0801C8003CDB63 /* Project object */ = {
			isa = PBXProject;
			attributes = {
				BuildIndependentTargetsInParallel = 1;
				LastSwiftUpdateCheck = 1610;
				LastUpgradeCheck = 1610;
				TargetAttributes = {
					47488C3C2D0801C8003CDB63 = {
						CreatedOnToolsVersion = 16.1;
					};
					47488C522D0801CA003CDB63 = {
						CreatedOnToolsVersion = 16.1;
						TestTargetID = 47488C3C2D0801C8003CDB63;
					};
					47488C5C2D0801CA003CDB63 = {
						CreatedOnToolsVersion = 16.1;
						TestTargetID = 47488C3C2D0801C8003CDB63;
					};
				};
			};
			buildConfigurationList = 47488C382D0801C8003CDB63 /* Build configuration list for PBXProject "ConsumePod" */;
			developmentRegion = en;
			hasScannedForEncodings = 0;
			knownRegions = (
				en,
				Base,
			);
			mainGroup = 47488C342D0801C8003CDB63;
			minimizedProjectReferenceProxies = 1;
			preferredProjectObjectVersion = 77;
			productRefGroup = 47488C3E2D0801C8003CDB63 /* Products */;
			projectDirPath = "";
			projectRoot = "";
			targets = (
				47488C3C2D0801C8003CDB63 /* ConsumePod */,
				47488C522D0801CA003CDB63 /* ConsumePodTests */,
				47488C5C2D0801CA003CDB63 /* ConsumePodUITests */,
			);
		};
/* End PBXProject section */

/* Begin PBXResourcesBuildPhase section */
		47488C3B2D0801C8003CDB63 /* Resources */ = {
			isa = PBXResourcesBuildPhase;
			buildActionMask = 2147483647;
			files = (
			);
			runOnlyForDeploymentPostprocessing = 0;
		};
		47488C512D0801CA003CDB63 /* Resources */ = {
			isa = PBXResourcesBuildPhase;
			buildActionMask = 2147483647;
			files = (
			);
			runOnlyForDeploymentPostprocessing = 0;
		};
		47488C5B2D0801CA003CDB63 /* Resources */ = {
			isa = PBXResourcesBuildPhase;
			buildActionMask = 2147483647;
			files = (
			);
			runOnlyForDeploymentPostprocessing = 0;
		};
/* End PBXResourcesBuildPhase section */

/* Begin PBXSourcesBuildPhase section */
		47488C392D0801C8003CDB63 /* Sources */ = {
			isa = PBXSourcesBuildPhase;
			buildActionMask = 2147483647;
			files = (
			);
			runOnlyForDeploymentPostprocessing = 0;
		};
		47488C4F2D0801CA003CDB63 /* Sources */ = {
			isa = PBXSourcesBuildPhase;
			buildActionMask = 2147483647;
			files = (
			);
			runOnlyForDeploymentPostprocessing = 0;
		};
		47488C592D0801CA003CDB63 /* Sources */ = {
			isa = PBXSourcesBuildPhase;
			buildActionMask = 2147483647;
			files = (
			);
			runOnlyForDeploymentPostprocessing = 0;
		};
/* End PBXSourcesBuildPhase section */

/* Begin PBXTargetDependency section */
		47488C552D0801CA003CDB63 /* PBXTargetDependency */ = {
			isa = PBXTargetDependency;
			target = 47488C3C2D0801C8003CDB63 /* ConsumePod */;
			targetProxy = 47488C542D0801CA003CDB63 /* PBXContainerItemProxy */;
		};
		47488C5F2D0801CA003CDB63 /* PBXTargetDependency */ = {
			isa = PBXTargetDependency;
			target = 47488C3C2D0801C8003CDB63 /* ConsumePod */;
			targetProxy = 47488C5E2D0801CA003CDB63 /* PBXContainerItemProxy */;
		};
/* End PBXTargetDependency section */

/* Begin XCBuildConfiguration section */
		47488C672D0801CA003CDB63 /* Debug */ = {
			isa = XCBuildConfiguration;
			buildSettings = {
				ASSETCATALOG_COMPILER_APPICON_NAME = AppIcon;
				ASSETCATALOG_COMPILER_GLOBAL_ACCENT_COLOR_NAME = AccentColor;
				CODE_SIGN_STYLE = Automatic;
				CURRENT_PROJECT_VERSION = 1;
				GENERATE_INFOPLIST_FILE = YES;
				INFOPLIST_FILE = ConsumePod/Info.plist;
				INFOPLIST_KEY_UIApplicationSupportsIndirectInputEvents = YES;
				INFOPLIST_KEY_UILaunchStoryboardName = LaunchScreen;
				INFOPLIST_KEY_UIMainStoryboardFile = Main;
				INFOPLIST_KEY_UISupportedInterfaceOrientations_iPad = "UIInterfaceOrientationPortrait UIInterfaceOrientationPortraitUpsideDown UIInterfaceOrientationLandscapeLeft UIInterfaceOrientationLandscapeRight";
				INFOPLIST_KEY_UISupportedInterfaceOrientations_iPhone = "UIInterfaceOrientationPortrait UIInterfaceOrientationLandscapeLeft UIInterfaceOrientationLandscapeRight";
				LD_RUNPATH_SEARCH_PATHS = (
					"$(inherited)",
					"@executable_path/Frameworks",
				);
				MARKETING_VERSION = 1.0;
				PRODUCT_BUNDLE_IDENTIFIER = co.developer.ConsumePod;
				PRODUCT_NAME = "$(TARGET_NAME)";
				SWIFT_EMIT_LOC_STRINGS = YES;
				SWIFT_VERSION = 5.0;
				TARGETED_DEVICE_FAMILY = "1,2";
			};
			name = Debug;
		};
		47488C682D0801CA003CDB63 /* Release */ = {
			isa = XCBuildConfiguration;
			buildSettings = {
				ASSETCATALOG_COMPILER_APPICON_NAME = AppIcon;
				ASSETCATALOG_COMPILER_GLOBAL_ACCENT_COLOR_NAME = AccentColor;
				CODE_SIGN_STYLE = Automatic;
				CURRENT_PROJECT_VERSION = 1;
				GENERATE_INFOPLIST_FILE = YES;
				INFOPLIST_FILE = ConsumePod/Info.plist;
				INFOPLIST_KEY_UIApplicationSupportsIndirectInputEvents = YES;
				INFOPLIST_KEY_UILaunchStoryboardName = LaunchScreen;
				INFOPLIST_KEY_UIMainStoryboardFile = Main;
				INFOPLIST_KEY_UISupportedInterfaceOrientations_iPad = "UIInterfaceOrientationPortrait UIInterfaceOrientationPortraitUpsideDown UIInterfaceOrientationLandscapeLeft UIInterfaceOrientationLandscapeRight";
				INFOPLIST_KEY_UISupportedInterfaceOrientations_iPhone = "UIInterfaceOrientationPortrait UIInterfaceOrientationLandscapeLeft UIInterfaceOrientationLandscapeRight";
				LD_RUNPATH_SEARCH_PATHS = (
					"$(inherited)",
					"@executable_path/Frameworks",
				);
				MARKETING_VERSION = 1.0;
				PRODUCT_BUNDLE_IDENTIFIER = co.developer.ConsumePod;
				PRODUCT_NAME = "$(TARGET_NAME)";
				SWIFT_EMIT_LOC_STRINGS = YES;
				SWIFT_VERSION = 5.0;
				TARGETED_DEVICE_FAMILY = "1,2";
			};
			name = Release;
		};
		47488C692D0801CA003CDB63 /* Debug */ = {
			isa = XCBuildConfiguration;
			buildSettings = {
				ALWAYS_SEARCH_USER_PATHS = NO;
				ASSETCATALOG_COMPILER_GENERATE_SWIFT_ASSET_SYMBOL_EXTENSIONS = YES;
				CLANG_ANALYZER_NONNULL = YES;
				CLANG_ANALYZER_NUMBER_OBJECT_CONVERSION = YES_AGGRESSIVE;
				CLANG_CXX_LANGUAGE_STANDARD = "gnu++20";
				CLANG_ENABLE_MODULES = YES;
				CLANG_ENABLE_OBJC_ARC = YES;
				CLANG_ENABLE_OBJC_WEAK = YES;
				CLANG_WARN_BLOCK_CAPTURE_AUTORELEASING = YES;
				CLANG_WARN_BOOL_CONVERSION = YES;
				CLANG_WARN_COMMA = YES;
				CLANG_WARN_CONSTANT_CONVERSION = YES;
				CLANG_WARN_DEPRECATED_OBJC_IMPLEMENTATIONS = YES;
				CLANG_WARN_DIRECT_OBJC_ISA_USAGE = YES_ERROR;
				CLANG_WARN_DOCUMENTATION_COMMENTS = YES;
				CLANG_WARN_EMPTY_BODY = YES;
				CLANG_WARN_ENUM_CONVERSION = YES;
				CLANG_WARN_INFINITE_RECURSION = YES;
				CLANG_WARN_INT_CONVERSION = YES;
				CLANG_WARN_NON_LITERAL_NULL_CONVERSION = YES;
				CLANG_WARN_OBJC_IMPLICIT_RETAIN_SELF = YES;
				CLANG_WARN_OBJC_LITERAL_CONVERSION = YES;
				CLANG_WARN_OBJC_ROOT_CLASS = YES_ERROR;
				CLANG_WARN_QUOTED_INCLUDE_IN_FRAMEWORK_HEADER = YES;
				CLANG_WARN_RANGE_LOOP_ANALYSIS = YES;
				CLANG_WARN_STRICT_PROTOTYPES = YES;
				CLANG_WARN_SUSPICIOUS_MOVE = YES;
				CLANG_WARN_UNGUARDED_AVAILABILITY = YES_AGGRESSIVE;
				CLANG_WARN_UNREACHABLE_CODE = YES;
				CLANG_WARN__DUPLICATE_METHOD_MATCH = YES;
				COPY_PHASE_STRIP = NO;
				DEBUG_INFORMATION_FORMAT = dwarf;
				ENABLE_STRICT_OBJC_MSGSEND = YES;
				ENABLE_TESTABILITY = YES;
				ENABLE_USER_SCRIPT_SANDBOXING = YES;
				GCC_C_LANGUAGE_STANDARD = gnu17;
				GCC_DYNAMIC_NO_PIC = NO;
				GCC_NO_COMMON_BLOCKS = YES;
				GCC_OPTIMIZATION_LEVEL = 0;
				GCC_PREPROCESSOR_DEFINITIONS = (
					"DEBUG=1",
					"$(inherited)",
				);
				GCC_WARN_64_TO_32_BIT_CONVERSION = YES;
				GCC_WARN_ABOUT_RETURN_TYPE = YES_ERROR;
				GCC_WARN_UNDECLARED_SELECTOR = YES;
				GCC_WARN_UNINITIALIZED_AUTOS = YES_AGGRESSIVE;
				GCC_WARN_UNUSED_FUNCTION = YES;
				GCC_WARN_UNUSED_VARIABLE = YES;
				IPHONEOS_DEPLOYMENT_TARGET = 18.1;
				LOCALIZATION_PREFERS_STRING_CATALOGS = YES;
				MTL_ENABLE_DEBUG_INFO = INCLUDE_SOURCE;
				MTL_FAST_MATH = YES;
				ONLY_ACTIVE_ARCH = YES;
				SDKROOT = iphoneos;
				SWIFT_ACTIVE_COMPILATION_CONDITIONS = "DEBUG $(inherited)";
				SWIFT_OPTIMIZATION_LEVEL = "-Onone";
			};
			name = Debug;
		};
		47488C6A2D0801CA003CDB63 /* Release */ = {
			isa = XCBuildConfiguration;
			buildSettings = {
				ALWAYS_SEARCH_USER_PATHS = NO;
				ASSETCATALOG_COMPILER_GENERATE_SWIFT_ASSET_SYMBOL_EXTENSIONS = YES;
				CLANG_ANALYZER_NONNULL = YES;
				CLANG_ANALYZER_NUMBER_OBJECT_CONVERSION = YES_AGGRESSIVE;
				CLANG_CXX_LANGUAGE_STANDARD = "gnu++20";
				CLANG_ENABLE_MODULES = YES;
				CLANG_ENABLE_OBJC_ARC = YES;
				CLANG_ENABLE_OBJC_WEAK = YES;
				CLANG_WARN_BLOCK_CAPTURE_AUTORELEASING = YES;
				CLANG_WARN_BOOL_CONVERSION = YES;
				CLANG_WARN_COMMA = YES;
				CLANG_WARN_CONSTANT_CONVERSION = YES;
				CLANG_WARN_DEPRECATED_OBJC_IMPLEMENTATIONS = YES;
				CLANG_WARN_DIRECT_OBJC_ISA_USAGE = YES_ERROR;
				CLANG_WARN_DOCUMENTATION_COMMENTS = YES;
				CLANG_WARN_EMPTY_BODY = YES;
				CLANG_WARN_ENUM_CONVERSION = YES;
				CLANG_WARN_INFINITE_RECURSION = YES;
				CLANG_WARN_INT_CONVERSION = YES;
				CLANG_WARN_NON_LITERAL_NULL_CONVERSION = YES;
				CLANG_WARN_OBJC_IMPLICIT_RETAIN_SELF = YES;
				CLANG_WARN_OBJC_LITERAL_CONVERSION = YES;
				CLANG_WARN_OBJC_ROOT_CLASS = YES_ERROR;
				CLANG_WARN_QUOTED_INCLUDE_IN_FRAMEWORK_HEADER = YES;
				CLANG_WARN_RANGE_LOOP_ANALYSIS = YES;
				CLANG_WARN_STRICT_PROTOTYPES = YES;
				CLANG_WARN_SUSPICIOUS_MOVE = YES;
				CLANG_WARN_UNGUARDED_AVAILABILITY = YES_AGGRESSIVE;
				CLANG_WARN_UNREACHABLE_CODE = YES;
				CLANG_WARN__DUPLICATE_METHOD_MATCH = YES;
				COPY_PHASE_STRIP = NO;
				DEBUG_INFORMATION_FORMAT = "dwarf-with-dsym";
				ENABLE_NS_ASSERTIONS = NO;
				ENABLE_STRICT_OBJC_MSGSEND = YES;
				ENABLE_USER_SCRIPT_SANDBOXING = YES;
				GCC_C_LANGUAGE_STANDARD = gnu17;
				GCC_NO_COMMON_BLOCKS = YES;
				GCC_WARN_64_TO_32_BIT_CONVERSION = YES;
				GCC_WARN_ABOUT_RETURN_TYPE = YES_ERROR;
				GCC_WARN_UNDECLARED_SELECTOR = YES;
				GCC_WARN_UNINITIALIZED_AUTOS = YES_AGGRESSIVE;
				GCC_WARN_UNUSED_FUNCTION = YES;
				GCC_WARN_UNUSED_VARIABLE = YES;
				IPHONEOS_DEPLOYMENT_TARGET = 18.1;
				LOCALIZATION_PREFERS_STRING_CATALOGS = YES;
				MTL_ENABLE_DEBUG_INFO = NO;
				MTL_FAST_MATH = YES;
				SDKROOT = iphoneos;
				SWIFT_COMPILATION_MODE = wholemodule;
				VALIDATE_PRODUCT = YES;
			};
			name = Release;
		};
		47488C6C2D0801CA003CDB63 /* Debug */ = {
			isa = XCBuildConfiguration;
			buildSettings = {
				BUNDLE_LOADER = "$(TEST_HOST)";
				CODE_SIGN_STYLE = Automatic;
				CURRENT_PROJECT_VERSION = 1;
				GENERATE_INFOPLIST_FILE = YES;
				IPHONEOS_DEPLOYMENT_TARGET = 18.1;
				MARKETING_VERSION = 1.0;
				PRODUCT_BUNDLE_IDENTIFIER = co.developer.ConsumePodTests;
				PRODUCT_NAME = "$(TARGET_NAME)";
				SWIFT_EMIT_LOC_STRINGS = NO;
				SWIFT_VERSION = 5.0;
				TARGETED_DEVICE_FAMILY = "1,2";
				TEST_HOST = "$(BUILT_PRODUCTS_DIR)/ConsumePod.app/$(BUNDLE_EXECUTABLE_FOLDER_PATH)/ConsumePod";
			};
			name = Debug;
		};
		47488C6D2D0801CA003CDB63 /* Release */ = {
			isa = XCBuildConfiguration;
			buildSettings = {
				BUNDLE_LOADER = "$(TEST_HOST)";
				CODE_SIGN_STYLE = Automatic;
				CURRENT_PROJECT_VERSION = 1;
				GENERATE_INFOPLIST_FILE = YES;
				IPHONEOS_DEPLOYMENT_TARGET = 18.1;
				MARKETING_VERSION = 1.0;
				PRODUCT_BUNDLE_IDENTIFIER = co.developer.ConsumePodTests;
				PRODUCT_NAME = "$(TARGET_NAME)";
				SWIFT_EMIT_LOC_STRINGS = NO;
				SWIFT_VERSION = 5.0;
				TARGETED_DEVICE_FAMILY = "1,2";
				TEST_HOST = "$(BUILT_PRODUCTS_DIR)/ConsumePod.app/$(BUNDLE_EXECUTABLE_FOLDER_PATH)/ConsumePod";
			};
			name = Release;
		};
		47488C6F2D0801CA003CDB63 /* Debug */ = {
			isa = XCBuildConfiguration;
			buildSettings = {
				CODE_SIGN_STYLE = Automatic;
				CURRENT_PROJECT_VERSION = 1;
				GENERATE_INFOPLIST_FILE = YES;
				MARKETING_VERSION = 1.0;
				PRODUCT_BUNDLE_IDENTIFIER = co.developer.ConsumePodUITests;
				PRODUCT_NAME = "$(TARGET_NAME)";
				SWIFT_EMIT_LOC_STRINGS = NO;
				SWIFT_VERSION = 5.0;
				TARGETED_DEVICE_FAMILY = "1,2";
				TEST_TARGET_NAME = ConsumePod;
			};
			name = Debug;
		};
		47488C702D0801CA003CDB63 /* Release */ = {
			isa = XCBuildConfiguration;
			buildSettings = {
				CODE_SIGN_STYLE = Automatic;
				CURRENT_PROJECT_VERSION = 1;
				GENERATE_INFOPLIST_FILE = YES;
				MARKETING_VERSION = 1.0;
				PRODUCT_BUNDLE_IDENTIFIER = co.developer.ConsumePodUITests;
				PRODUCT_NAME = "$(TARGET_NAME)";
				SWIFT_EMIT_LOC_STRINGS = NO;
				SWIFT_VERSION = 5.0;
				TARGETED_DEVICE_FAMILY = "1,2";
				TEST_TARGET_NAME = ConsumePod;
			};
			name = Release;
		};
/* End XCBuildConfiguration section */

/* Begin XCConfigurationList section */
		47488C382D0801C8003CDB63 /* Build configuration list for PBXProject "ConsumePod" */ = {
			isa = XCConfigurationList;
			buildConfigurations = (
				47488C692D0801CA003CDB63 /* Debug */,
				47488C6A2D0801CA003CDB63 /* Release */,
			);
			defaultConfigurationIsVisible = 0;
			defaultConfigurationName = Release;
		};
		47488C662D0801CA003CDB63 /* Build configuration list for PBXNativeTarget "ConsumePod" */ = {
			isa = XCConfigurationList;
			buildConfigurations = (
				47488C672D0801CA003CDB63 /* Debug */,
				47488C682D0801CA003CDB63 /* Release */,
			);
			defaultConfigurationIsVisible = 0;
			defaultConfigurationName = Release;
		};
		47488C6B2D0801CA003CDB63 /* Build configuration list for PBXNativeTarget "ConsumePodTests" */ = {
			isa = XCConfigurationList;
			buildConfigurations = (
				47488C6C2D0801CA003CDB63 /* Debug */,
				47488C6D2D0801CA003CDB63 /* Release */,
			);
			defaultConfigurationIsVisible = 0;
			defaultConfigurationName = Release;
		};
		47488C6E2D0801CA003CDB63 /* Build configuration list for PBXNativeTarget "ConsumePodUITests" */ = {
			isa = XCConfigurationList;
			buildConfigurations = (
				47488C6F2D0801CA003CDB63 /* Debug */,
				47488C702D0801CA003CDB63 /* Release */,
			);
			defaultConfigurationIsVisible = 0;
			defaultConfigurationName = Release;
		};
/* End XCConfigurationList section */
	};
	rootObject = 47488C352D0801C8003CDB63 /* Project object */;
}
